
Microsoft Visual Studio Solution File, Format Version 12.00
# Visual Studio Version 17
VisualStudioVersion = 17.7.34221.43
MinimumVisualStudioVersion = 10.0.40219.1
Project("{FAE04EC0-301F-11D3-BF4B-00C04F79EFBC}") = "COMP2001_Assessment2", "COMP2001_Assessment2\COMP2001_Assessment2.csproj", "{6B357A4B-960A-428E-A2ED-33221113E5F8}"
EndProject
Global
	GlobalSection(SolutionConfigurationPlatforms) = preSolution
		Debug|Any CPU = Debug|Any CPU
		Release|Any CPU = Release|Any CPU
	EndGlobalSection
	GlobalSection(ProjectConfigurationPlatforms) = postSolution
		{6B357A4B-960A-428E-A2ED-33221113E5F8}.Debug|Any CPU.ActiveCfg = Debug|Any CPU
		{6B357A4B-960A-428E-A2ED-33221113E5F8}.Debug|Any CPU.Build.0 = Debug|Any CPU
		{6B357A4B-960A-428E-A2ED-33221113E5F8}.Release|Any CPU.ActiveCfg = Release|Any CPU
		{6B357A4B-960A-428E-A2ED-33221113E5F8}.Release|Any CPU.Build.0 = Release|Any CPU
	EndGlobalSection
	GlobalSection(SolutionProperties) = preSolution
		HideSolutionNode = FALSE
	EndGlobalSection
	GlobalSection(ExtensibilityGlobals) = postSolution
		SolutionGuid = {396465F2-5A0B-40F2-A03C-4167EF3D8484}
	EndGlobalSection
EndGlobal
